// !$*UTF8*$!
{
	archiveVersion = 1;
	classes = {
	};
	objectVersion = 56;
	objects = {

/* Begin PBXBuildFile section */
		D98F0BF729405BCD0029BAC3 /* AppDelegate.swift in Sources */ = {isa = PBXBuildFile; fileRef = D98F0BF629405BCD0029BAC3 /* AppDelegate.swift */; };
		D98F0BF929405BCD0029BAC3 /* SceneDelegate.swift in Sources */ = {isa = PBXBuildFile; fileRef = D98F0BF829405BCD0029BAC3 /* SceneDelegate.swift */; };
		D98F0BFE29405BCD0029BAC3 /* Main.storyboard in Resources */ = {isa = PBXBuildFile; fileRef = D98F0BFC29405BCD0029BAC3 /* Main.storyboard */; };
		D98F0C0029405BCE0029BAC3 /* Assets.xcassets in Resources */ = {isa = PBXBuildFile; fileRef = D98F0BFF29405BCE0029BAC3 /* Assets.xcassets */; };
		D98F0C0329405BCE0029BAC3 /* LaunchScreen.storyboard in Resources */ = {isa = PBXBuildFile; fileRef = D98F0C0129405BCE0029BAC3 /* LaunchScreen.storyboard */; };
		D98F0C0B29405C720029BAC3 /* StartViewController.swift in Sources */ = {isa = PBXBuildFile; fileRef = D98F0C0A29405C720029BAC3 /* StartViewController.swift */; };
		D98F0C0D29405C830029BAC3 /* ResultViewController.swift in Sources */ = {isa = PBXBuildFile; fileRef = D98F0C0C29405C830029BAC3 /* ResultViewController.swift */; };
		D98F0C0F29405C970029BAC3 /* QnAViewController.swift in Sources */ = {isa = PBXBuildFile; fileRef = D98F0C0E29405C970029BAC3 /* QnAViewController.swift */; };
		D98F0C1129405CA70029BAC3 /* Questions.swift in Sources */ = {isa = PBXBuildFile; fileRef = D98F0C1029405CA70029BAC3 /* Questions.swift */; };
		D99C78D6294069E400FDFF13 /* jf-openhuninn-1.1.ttf in Resources */ = {isa = PBXBuildFile; fileRef = D99C78D4294069E400FDFF13 /* jf-openhuninn-1.1.ttf */; };
/* End PBXBuildFile section */

/* Begin PBXFileReference section */
		D98F0BF329405BCD0029BAC3 /* psychoText.app */ = {isa = PBXFileReference; explicitFileType = wrapper.application; includeInIndex = 0; path = psychoText.app; sourceTree = BUILT_PRODUCTS_DIR; };
		D98F0BF629405BCD0029BAC3 /* AppDelegate.swift */ = {isa = PBXFileReference; lastKnownFileType = sourcecode.swift; path = AppDelegate.swift; sourceTree = "<group>"; };
		D98F0BF829405BCD0029BAC3 /* SceneDelegate.swift */ = {isa = PBXFileReference; lastKnownFileType = sourcecode.swift; path = SceneDelegate.swift; sourceTree = "<group>"; };
		D98F0BFD29405BCD0029BAC3 /* Base */ = {isa = PBXFileReference; lastKnownFileType = file.storyboard; name = Base; path = Base.lproj/Main.storyboard; sourceTree = "<group>"; };
		D98F0BFF29405BCE0029BAC3 /* Assets.xcassets */ = {isa = PBXFileReference; lastKnownFileType = folder.assetcatalog; path = Assets.xcassets; sourceTree = "<group>"; };
		D98F0C0229405BCE0029BAC3 /* Base */ = {isa = PBXFileReference; lastKnownFileType = file.storyboard; name = Base; path = Base.lproj/LaunchScreen.storyboard; sourceTree = "<group>"; };
		D98F0C0429405BCE0029BAC3 /* Info.plist */ = {isa = PBXFileReference; lastKnownFileType = text.plist.xml; path = Info.plist; sourceTree = "<group>"; };
		D98F0C0A29405C720029BAC3 /* StartViewController.swift */ = {isa = PBXFileReference; lastKnownFileType = sourcecode.swift; path = StartViewController.swift; sourceTree = SOURCE_ROOT; };
		D98F0C0C29405C830029BAC3 /* ResultViewController.swift */ = {isa = PBXFileReference; lastKnownFileType = sourcecode.swift; path = ResultViewController.swift; sourceTree = SOURCE_ROOT; };
		D98F0C0E29405C970029BAC3 /* QnAViewController.swift */ = {isa = PBXFileReference; lastKnownFileType = sourcecode.swift; path = QnAViewController.swift; sourceTree = SOURCE_ROOT; };
		D98F0C1029405CA70029BAC3 /* Questions.swift */ = {isa = PBXFileReference; lastKnownFileType = sourcecode.swift; path = Questions.swift; sourceTree = SOURCE_ROOT; };
		D99C78D4294069E400FDFF13 /* jf-openhuninn-1.1.ttf */ = {isa = PBXFileReference; lastKnownFileType = file; path = "jf-openhuninn-1.1.ttf"; sourceTree = "<group>"; };
/* End PBXFileReference section */

/* Begin PBXFrameworksBuildPhase section */
		D98F0BF029405BCD0029BAC3 /* Frameworks */ = {
			isa = PBXFrameworksBuildPhase;
			buildActionMask = 2147483647;
			files = (
			);
			runOnlyForDeploymentPostprocessing = 0;
		};
/* End PBXFrameworksBuildPhase section */

/* Begin PBXGroup section */
		D98F0BEA29405BCD0029BAC3 = {
			isa = PBXGroup;
			children = (
				D98F0BF529405BCD0029BAC3 /* psychoText */,
				D98F0BF429405BCD0029BAC3 /* Products */,
			);
			sourceTree = "<group>";
		};
		D98F0BF429405BCD0029BAC3 /* Products */ = {
			isa = PBXGroup;
			children = (
				D98F0BF329405BCD0029BAC3 /* psychoText.app */,
			);
			name = Products;
			sourceTree = "<group>";
		};
		D98F0BF529405BCD0029BAC3 /* psychoText */ = {
			isa = PBXGroup;
			children = (
				D98F0C1029405CA70029BAC3 /* Questions.swift */,
				D98F0C0E29405C970029BAC3 /* QnAViewController.swift */,
				D98F0C0C29405C830029BAC3 /* ResultViewController.swift */,
				D98F0C0A29405C720029BAC3 /* StartViewController.swift */,
				D98F0BF629405BCD0029BAC3 /* AppDelegate.swift */,
				D98F0BF829405BCD0029BAC3 /* SceneDelegate.swift */,
				D98F0BFC29405BCD0029BAC3 /* Main.storyboard */,
				D98F0BFF29405BCE0029BAC3 /* Assets.xcassets */,
				D98F0C0129405BCE0029BAC3 /* LaunchScreen.storyboard */,
				D98F0C0429405BCE0029BAC3 /* Info.plist */,
				D99C78D4294069E400FDFF13 /* jf-openhuninn-1.1.ttf */,
			);
			path = psychoText;
			sourceTree = "<group>";
		};
/* End PBXGroup section */

/* Begin PBXNativeTarget section */
		D98F0BF229405BCD0029BAC3 /* psychoText */ = {
			isa = PBXNativeTarget;
			buildConfigurationList = D98F0C0729405BCE0029BAC3 /* Build configuration list for PBXNativeTarget "psychoText" */;
			buildPhases = (
				D98F0BEF29405BCD0029BAC3 /* Sources */,
				D98F0BF029405BCD0029BAC3 /* Frameworks */,
				D98F0BF129405BCD0029BAC3 /* Resources */,
			);
			buildRules = (
			);
			dependencies = (
			);
			name = psychoText;
			productName = psychoText;
			productReference = D98F0BF329405BCD0029BAC3 /* psychoText.app */;
			productType = "com.apple.product-type.application";
		};
/* End PBXNativeTarget section */

/* Begin PBXProject section */
		D98F0BEB29405BCD0029BAC3 /* Project object */ = {
			isa = PBXProject;
			attributes = {
				BuildIndependentTargetsInParallel = 1;
				LastSwiftUpdateCheck = 1400;
				LastUpgradeCheck = 1400;
				TargetAttributes = {
					D98F0BF229405BCD0029BAC3 = {
						CreatedOnToolsVersion = 14.0.1;
					};
				};
			};
			buildConfigurationList = D98F0BEE29405BCD0029BAC3 /* Build configuration list for PBXProject "psychoText" */;
			compatibilityVersion = "Xcode 14.0";
			developmentRegion = en;
			hasScannedForEncodings = 0;
			knownRegions = (
				en,
				Base,
			);
			mainGroup = D98F0BEA29405BCD0029BAC3;
			productRefGroup = D98F0BF429405BCD0029BAC3 /* Products */;
			projectDirPath = "";
			projectRoot = "";
			targets = (
				D98F0BF229405BCD0029BAC3 /* psychoText */,
			);
		};
/* End PBXProject section */

/* Begin PBXResourcesBuildPhase section */
		D98F0BF129405BCD0029BAC3 /* Resources */ = {
			isa = PBXResourcesBuildPhase;
			buildActionMask = 2147483647;
			files = (
				D99C78D6294069E400FDFF13 /* jf-openhuninn-1.1.ttf in Resources */,
				D98F0C0329405BCE0029BAC3 /* LaunchScreen.storyboard in Resources */,
				D98F0C0029405BCE0029BAC3 /* Assets.xcassets in Resources */,
				D98F0BFE29405BCD0029BAC3 /* Main.storyboard in Resources */,
			);
			runOnlyForDeploymentPostprocessing = 0;
		};
/* End PBXResourcesBuildPhase section */

/* Begin PBXSourcesBuildPhase section */
		D98F0BEF29405BCD0029BAC3 /* Sources */ = {
			isa = PBXSourcesBuildPhase;
			buildActionMask = 2147483647;
			files = (
				D98F0BF729405BCD0029BAC3 /* AppDelegate.swift in Sources */,
				D98F0BF929405BCD0029BAC3 /* SceneDelegate.swift in Sources */,
				D98F0C0B29405C720029BAC3 /* StartViewController.swift in Sources */,
				D98F0C1129405CA70029BAC3 /* Questions.swift in Sources */,
				D98F0C0D29405C830029BAC3 /* ResultViewController.swift in Sources */,
				D98F0C0F29405C970029BAC3 /* QnAViewController.swift in Sources */,
			);
			runOnlyForDeploymentPostprocessing = 0;
		};
/* End PBXSourcesBuildPhase section */

/* Begin PBXVariantGroup section */
		D98F0BFC29405BCD0029BAC3 /* Main.storyboard */ = {
			isa = PBXVariantGroup;
			children = (
				D98F0BFD29405BCD0029BAC3 /* Base */,
			);
			name = Main.storyboard;
			sourceTree = "<group>";
		};
		D98F0C0129405BCE0029BAC3 /* LaunchScreen.storyboard */ = {
			isa = PBXVariantGroup;
			children = (
				D98F0C0229405BCE0029BAC3 /* Base */,
			);
			name = LaunchScreen.storyboard;
			sourceTree = "<group>";
		};
/* End PBXVariantGroup section */

/* Begin XCBuildConfiguration section */
		D98F0C0529405BCE0029BAC3 /* Debug */ = {
			isa = XCBuildConfiguration;
			buildSettings = {
				ALWAYS_SEARCH_USER_PATHS = NO;
				CLANG_ANALYZER_NONNULL = YES;
				CLANG_ANALYZER_NUMBER_OBJECT_CONVERSION = YES_AGGRESSIVE;
				CLANG_CXX_LANGUAGE_STANDARD = "gnu++20";
				CLANG_ENABLE_MODULES = YES;
				CLANG_ENABLE_OBJC_ARC = YES;
				CLANG_ENABLE_OBJC_WEAK = YES;
				CLANG_WARN_BLOCK_CAPTURE_AUTORELEASING = YES;
				CLANG_WARN_BOOL_CONVERSION = YES;
				CLANG_WARN_COMMA = YES;
				CLANG_WARN_CONSTANT_CONVERSION = YES;
				CLANG_WARN_DEPRECATED_OBJC_IMPLEMENTATIONS = YES;
				CLANG_WARN_DIRECT_OBJC_ISA_USAGE = YES_ERROR;
				CLANG_WARN_DOCUMENTATION_COMMENTS = YES;
				CLANG_WARN_EMPTY_BODY = YES;
				CLANG_WARN_ENUM_CONVERSION = YES;
				CLANG_WARN_INFINITE_RECURSION = YES;
				CLANG_WARN_INT_CONVERSION = YES;
				CLANG_WARN_NON_LITERAL_NULL_CONVERSION = YES;
				CLANG_WARN_OBJC_IMPLICIT_RETAIN_SELF = YES;
				CLANG_WARN_OBJC_LITERAL_CONVERSION = YES;
				CLANG_WARN_OBJC_ROOT_CLASS = YES_ERROR;
				CLANG_WARN_QUOTED_INCLUDE_IN_FRAMEWORK_HEADER = YES;
				CLANG_WARN_RANGE_LOOP_ANALYSIS = YES;
				CLANG_WARN_STRICT_PROTOTYPES = YES;
				CLANG_WARN_SUSPICIOUS_MOVE = YES;
				CLANG_WARN_UNGUARDED_AVAILABILITY = YES_AGGRESSIVE;
				CLANG_WARN_UNREACHABLE_CODE = YES;
				CLANG_WARN__DUPLICATE_METHOD_MATCH = YES;
				COPY_PHASE_STRIP = NO;
				DEBUG_INFORMATION_FORMAT = dwarf;
				ENABLE_STRICT_OBJC_MSGSEND = YES;
				ENABLE_TESTABILITY = YES;
				GCC_C_LANGUAGE_STANDARD = gnu11;
				GCC_DYNAMIC_NO_PIC = NO;
				GCC_NO_COMMON_BLOCKS = YES;
				GCC_OPTIMIZATION_LEVEL = 0;
				GCC_PREPROCESSOR_DEFINITIONS = (
					"DEBUG=1",
					"$(inherited)",
				);
				GCC_WARN_64_TO_32_BIT_CONVERSION = YES;
				GCC_WARN_ABOUT_RETURN_TYPE = YES_ERROR;
				GCC_WARN_UNDECLARED_SELECTOR = YES;
				GCC_WARN_UNINITIALIZED_AUTOS = YES_AGGRESSIVE;
				GCC_WARN_UNUSED_FUNCTION = YES;
				GCC_WARN_UNUSED_VARIABLE = YES;
				IPHONEOS_DEPLOYMENT_TARGET = 16.0;
				MTL_ENABLE_DEBUG_INFO = INCLUDE_SOURCE;
				MTL_FAST_MATH = YES;
				ONLY_ACTIVE_ARCH = YES;
				SDKROOT = iphoneos;
				SWIFT_ACTIVE_COMPILATION_CONDITIONS = DEBUG;
				SWIFT_OPTIMIZATION_LEVEL = "-Onone";
			};
			name = Debug;
		};
		D98F0C0629405BCE0029BAC3 /* Release */ = {
			isa = XCBuildConfiguration;
			buildSettings = {
				ALWAYS_SEARCH_USER_PATHS = NO;
				CLANG_ANALYZER_NONNULL = YES;
				CLANG_ANALYZER_NUMBER_OBJECT_CONVERSION = YES_AGGRESSIVE;
				CLANG_CXX_LANGUAGE_STANDARD = "gnu++20";
				CLANG_ENABLE_MODULES = YES;
				CLANG_ENABLE_OBJC_ARC = YES;
				CLANG_ENABLE_OBJC_WEAK = YES;
				CLANG_WARN_BLOCK_CAPTURE_AUTORELEASING = YES;
				CLANG_WARN_BOOL_CONVERSION = YES;
				CLANG_WARN_COMMA = YES;
				CLANG_WARN_CONSTANT_CONVERSION = YES;
				CLANG_WARN_DEPRECATED_OBJC_IMPLEMENTATIONS = YES;
				CLANG_WARN_DIRECT_OBJC_ISA_USAGE = YES_ERROR;
				CLANG_WARN_DOCUMENTATION_COMMENTS = YES;
				CLANG_WARN_EMPTY_BODY = YES;
				CLANG_WARN_ENUM_CONVERSION = YES;
				CLANG_WARN_INFINITE_RECURSION = YES;
				CLANG_WARN_INT_CONVERSION = YES;
				CLANG_WARN_NON_LITERAL_NULL_CONVERSION = YES;
				CLANG_WARN_OBJC_IMPLICIT_RETAIN_SELF = YES;
				CLANG_WARN_OBJC_LITERAL_CONVERSION = YES;
				CLANG_WARN_OBJC_ROOT_CLASS = YES_ERROR;
				CLANG_WARN_QUOTED_INCLUDE_IN_FRAMEWORK_HEADER = YES;
				CLANG_WARN_RANGE_LOOP_ANALYSIS = YES;
				CLANG_WARN_STRICT_PROTOTYPES = YES;
				CLANG_WARN_SUSPICIOUS_MOVE = YES;
				CLANG_WARN_UNGUARDED_AVAILABILITY = YES_AGGRESSIVE;
				CLANG_WARN_UNREACHABLE_CODE = YES;
				CLANG_WARN__DUPLICATE_METHOD_MATCH = YES;
				COPY_PHASE_STRIP = NO;
				DEBUG_INFORMATION_FORMAT = "dwarf-with-dsym";
				ENABLE_NS_ASSERTIONS = NO;
				ENABLE_STRICT_OBJC_MSGSEND = YES;
				GCC_C_LANGUAGE_STANDARD = gnu11;
				GCC_NO_COMMON_BLOCKS = YES;
				GCC_WARN_64_TO_32_BIT_CONVERSION = YES;
				GCC_WARN_ABOUT_RETURN_TYPE = YES_ERROR;
				GCC_WARN_UNDECLARED_SELECTOR = YES;
				GCC_WARN_UNINITIALIZED_AUTOS = YES_AGGRESSIVE;
				GCC_WARN_UNUSED_FUNCTION = YES;
				GCC_WARN_UNUSED_VARIABLE = YES;
				IPHONEOS_DEPLOYMENT_TARGET = 16.0;
				MTL_ENABLE_DEBUG_INFO = NO;
				MTL_FAST_MATH = YES;
				SDKROOT = iphoneos;
				SWIFT_COMPILATION_MODE = wholemodule;
				SWIFT_OPTIMIZATION_LEVEL = "-O";
				VALIDATE_PRODUCT = YES;
			};
			name = Release;
		};
		D98F0C0829405BCE0029BAC3 /* Debug */ = {
			isa = XCBuildConfiguration;
			buildSettings = {
				ASSETCATALOG_COMPILER_APPICON_NAME = AppIcon;
				ASSETCATALOG_COMPILER_GLOBAL_ACCENT_COLOR_NAME = AccentColor;
				CODE_SIGN_STYLE = Automatic;
				CURRENT_PROJECT_VERSION = 1;
				DEVELOPMENT_TEAM = J79C4AJ58Q;
				GENERATE_INFOPLIST_FILE = YES;
				INFOPLIST_FILE = psychoText/Info.plist;
				INFOPLIST_KEY_UIApplicationSupportsIndirectInputEvents = YES;
				INFOPLIST_KEY_UILaunchStoryboardName = LaunchScreen;
				INFOPLIST_KEY_UIMainStoryboardFile = Main;
				INFOPLIST_KEY_UISupportedInterfaceOrientations_iPad = "UIInterfaceOrientationPortrait UIInterfaceOrientationPortraitUpsideDown UIInterfaceOrientationLandscapeLeft UIInterfaceOrientationLandscapeRight";
				INFOPLIST_KEY_UISupportedInterfaceOrientations_iPhone = "UIInterfaceOrientationPortrait UIInterfaceOrientationLandscapeLeft UIInterfaceOrientationLandscapeRight";
				LD_RUNPATH_SEARCH_PATHS = (
					"$(inherited)",
					"@executable_path/Frameworks",
				);
				MARKETING_VERSION = 1.0;
				PRODUCT_BUNDLE_IDENTIFIER = com.shelley.psychoText;
				PRODUCT_NAME = "$(TARGET_NAME)";
				SWIFT_EMIT_LOC_STRINGS = YES;
				SWIFT_VERSION = 5.0;
				TARGETED_DEVICE_FAMILY = "1,2";
			};
			name = Debug;
		};
		D98F0C0929405BCE0029BAC3 /* Release */ = {
			isa = XCBuildConfiguration;
			buildSettings = {
				ASSETCATALOG_COMPILER_APPICON_NAME = AppIcon;
				ASSETCATALOG_COMPILER_GLOBAL_ACCENT_COLOR_NAME = AccentColor;
				CODE_SIGN_STYLE = Automatic;
				CURRENT_PROJECT_VERSION = 1;
				DEVELOPMENT_TEAM = J79C4AJ58Q;
				GENERATE_INFOPLIST_FILE = YES;
				INFOPLIST_FILE = psychoText/Info.plist;
				INFOPLIST_KEY_UIApplicationSupportsIndirectInputEvents = YES;
				INFOPLIST_KEY_UILaunchStoryboardName = LaunchScreen;
				INFOPLIST_KEY_UIMainStoryboardFile = Main;
				INFOPLIST_KEY_UISupportedInterfaceOrientations_iPad = "UIInterfaceOrientationPortrait UIInterfaceOrientationPortraitUpsideDown UIInterfaceOrientationLandscapeLeft UIInterfaceOrientationLandscapeRight";
				INFOPLIST_KEY_UISupportedInterfaceOrientations_iPhone = "UIInterfaceOrientationPortrait UIInterfaceOrientationLandscapeLeft UIInterfaceOrientationLandscapeRight";
				LD_RUNPATH_SEARCH_PATHS = (
					"$(inherited)",
					"@executable_path/Frameworks",
				);
				MARKETING_VERSION = 1.0;
				PRODUCT_BUNDLE_IDENTIFIER = com.shelley.psychoText;
				PRODUCT_NAME = "$(TARGET_NAME)";
				SWIFT_EMIT_LOC_STRINGS = YES;
				SWIFT_VERSION = 5.0;
				TARGETED_DEVICE_FAMILY = "1,2";
			};
			name = Release;
		};
/* End XCBuildConfiguration section */

/* Begin XCConfigurationList section */
		D98F0BEE29405BCD0029BAC3 /* Build configuration list for PBXProject "psychoText" */ = {
			isa = XCConfigurationList;
			buildConfigurations = (
				D98F0C0529405BCE0029BAC3 /* Debug */,
				D98F0C0629405BCE0029BAC3 /* Release */,
			);
			defaultConfigurationIsVisible = 0;
			defaultConfigurationName = Release;
		};
		D98F0C0729405BCE0029BAC3 /* Build configuration list for PBXNativeTarget "psychoText" */ = {
			isa = XCConfigurationList;
			buildConfigurations = (
				D98F0C0829405BCE0029BAC3 /* Debug */,
				D98F0C0929405BCE0029BAC3 /* Release */,
			);
			defaultConfigurationIsVisible = 0;
			defaultConfigurationName = Release;
		};
/* End XCConfigurationList section */
	};
	rootObject = D98F0BEB29405BCD0029BAC3 /* Project object */;
}
